
Microsoft Visual Studio Solution File, Format Version 12.00
# Visual Studio Version 17
VisualStudioVersion = 17.1.32210.238
MinimumVisualStudioVersion = 10.0.40219.1
Project("{FAE04EC0-301F-11D3-BF4B-00C04F79EFBC}") = "VaiTerCopa", "VaiTerCopa\VaiTerCopa.csproj", "{F6B65F7D-519F-4410-89C3-E4F2498BD044}"
EndProject
Global
	GlobalSection(SolutionConfigurationPlatforms) = preSolution
		Debug|Any CPU = Debug|Any CPU
		Release|Any CPU = Release|Any CPU
	EndGlobalSection
	GlobalSection(ProjectConfigurationPlatforms) = postSolution
		{F6B65F7D-519F-4410-89C3-E4F2498BD044}.Debug|Any CPU.ActiveCfg = Debug|Any CPU
		{F6B65F7D-519F-4410-89C3-E4F2498BD044}.Debug|Any CPU.Build.0 = Debug|Any CPU
		{F6B65F7D-519F-4410-89C3-E4F2498BD044}.Release|Any CPU.ActiveCfg = Release|Any CPU
		{F6B65F7D-519F-4410-89C3-E4F2498BD044}.Release|Any CPU.Build.0 = Release|Any CPU
	EndGlobalSection
	GlobalSection(SolutionProperties) = preSolution
		HideSolutionNode = FALSE
	EndGlobalSection
	GlobalSection(ExtensibilityGlobals) = postSolution
		SolutionGuid = {32359F79-1D11-4E53-B9A9-DA90F3BAD185}
	EndGlobalSection
EndGlobal
